
Microsoft Visual Studio Solution File, Format Version 12.00
# Visual Studio Version 17
VisualStudioVersion = 17.8.34316.72
MinimumVisualStudioVersion = 10.0.40219.1
Project("{FAE04EC0-301F-11D3-BF4B-00C04F79EFBC}") = "EsercitazioneLinq6", "EsercitazioneLinq6\EsercitazioneLinq6.csproj", "{E6F8617C-9D97-49A5-984C-905E89505A2D}"
EndProject
Global
	GlobalSection(SolutionConfigurationPlatforms) = preSolution
		Debug|Any CPU = Debug|Any CPU
		Release|Any CPU = Release|Any CPU
	EndGlobalSection
	GlobalSection(ProjectConfigurationPlatforms) = postSolution
		{E6F8617C-9D97-49A5-984C-905E89505A2D}.Debug|Any CPU.ActiveCfg = Debug|Any CPU
		{E6F8617C-9D97-49A5-984C-905E89505A2D}.Debug|Any CPU.Build.0 = Debug|Any CPU
		{E6F8617C-9D97-49A5-984C-905E89505A2D}.Release|Any CPU.ActiveCfg = Release|Any CPU
		{E6F8617C-9D97-49A5-984C-905E89505A2D}.Release|Any CPU.Build.0 = Release|Any CPU
	EndGlobalSection
	GlobalSection(SolutionProperties) = preSolution
		HideSolutionNode = FALSE
	EndGlobalSection
	GlobalSection(ExtensibilityGlobals) = postSolution
		SolutionGuid = {F22C0D79-F09F-4FC4-A5F7-721EA7EE4E40}
	EndGlobalSection
EndGlobal
